
Microsoft Visual Studio Solution File, Format Version 12.00
# Visual Studio 15
VisualStudioVersion = 15.0.28307.645
MinimumVisualStudioVersion = 10.0.40219.1
Project("{FAE04EC0-301F-11D3-BF4B-00C04F79EFBC}") = "LeetCode", "LeetCode\LeetCode.csproj", "{D691BB18-8DC8-44C7-9886-FF62606B82E4}"
EndProject
Global
	GlobalSection(SolutionConfigurationPlatforms) = preSolution
		Debug|Any CPU = Debug|Any CPU
		Release|Any CPU = Release|Any CPU
	EndGlobalSection
	GlobalSection(ProjectConfigurationPlatforms) = postSolution
		{D691BB18-8DC8-44C7-9886-FF62606B82E4}.Debug|Any CPU.ActiveCfg = Debug|Any CPU
		{D691BB18-8DC8-44C7-9886-FF62606B82E4}.Debug|Any CPU.Build.0 = Debug|Any CPU
		{D691BB18-8DC8-44C7-9886-FF62606B82E4}.Release|Any CPU.ActiveCfg = Release|Any CPU
		{D691BB18-8DC8-44C7-9886-FF62606B82E4}.Release|Any CPU.Build.0 = Release|Any CPU
	EndGlobalSection
	GlobalSection(SolutionProperties) = preSolution
		HideSolutionNode = FALSE
	EndGlobalSection
	GlobalSection(ExtensibilityGlobals) = postSolution
		SolutionGuid = {AE6D4FD3-05C7-44A9-B3EC-FD6CB6703289}
	EndGlobalSection
EndGlobal
